{
    "_meta": {
        "hash": {
            "sha256": "2634af51bbbfc3195ad2b7f02bfd0c8915cec2539c95a4bf50f6f6ae2f079b46"
        },
        "pipfile-spec": 6,
        "requires": {
            "python_version": "3.7"
        },
        "sources": [
            {
                "name": "pypi",
                "url": "https://pypi.org/simple",
                "verify_ssl": true
            }
        ]
    },
    "default": {
        "appdirs": {
            "hashes": [
                "sha256:7d5d0167b2b1ba821647616af46a749d1c653740dd0d2415100fe26e27afdf41",
                "sha256:a841dacd6b99318a741b166adb07e19ee71a274450e68237b4650ca1055ab128"
            ],
            "version": "==1.4.4"
        },
        "bonobo": {
            "hashes": [
                "sha256:7ec84c0f5699e0a9da18bd1c00b9a7c7f659f5d1259efc7df5e437de98516e49",
                "sha256:93337f5c39aae4923bc3ee0ee051b279f61bb7c45870cc29d1f07d8b30f0b766",
                "sha256:98654abf53184348731478ba840892a83c56569102b493dfc8cb8e8a091a58a5",
                "sha256:a6fe3077158d7ec8ff1d075e231f1234e6375d31a8bddd98e1eef496edfdfe46",
                "sha256:ce3fbbd67aeafbed806b3006f6404fd90978aae577291b695d0063897d153617"
            ],
            "index": "pypi",
            "version": "==0.6.3"
        },
        "certifi": {
            "hashes": [
                "sha256:35824b4c3a97115964b408844d64aa14db1cc518f6562e8d7261699d1350a9e3",
                "sha256:4ad3232f5e926d6718ec31cfc1fcadfde020920e278684144551c91769c7bc18"
            ],
            "index": "pypi",
            "version": "==2022.12.7"
        },
        "charset-normalizer": {
            "hashes": [
                "sha256:5a3d016c7c547f69d6f81fb0db9449ce888b418b5b9952cc5e6e66843e9dd845",
                "sha256:83e9a75d1911279afd89352c68b45348559d1fc0506b054b346651b5e7fee29f"
            ],
            "markers": "python_full_version >= '3.6.0'",
            "version": "==2.1.1"
        },
        "colorama": {
            "hashes": [
                "sha256:08695f5cb7ed6e0531a20572697297273c47b8cae5a63ffc6d6ed5c201be6e44",
                "sha256:4f1d9991f5acc0ca119f9d443620b77f9d6b33703e51011c16baf57afb285fc6"
            ],
            "markers": "python_version >= '2.7' and python_version not in '3.0, 3.1, 3.2, 3.3, 3.4, 3.5, 3.6'",
            "version": "==0.4.6"
        },
        "cython": {
            "hashes": [
                "sha256:0ce8f6c789c907472c9084a44b625eba76a85d0189513de1497ab102a9d39ef8",
                "sha256:0d67964b747ac09758ba31fe25da2f66f575437df5f121ff481889a7a4485f56",
                "sha256:1630823619a87a814e5c1fa9f96544272ce4f94a037a34093fbec74989342328",
                "sha256:1a4c634bb049c8482b7a4f3121330de1f1c1f66eac3570e1e885b0c392b6a451",
                "sha256:1ec91cc09e9f9a2c3173606232adccc68f3d14be1a15a8c5dc6ab97b47b31528",
                "sha256:237a8fdd8333f7248718875d930d1e963ffa519fefeb0756d01d91cbfadab0bc",
                "sha256:28a308cbfdf9b7bb44def918ad4a26b2d25a0095fa2f123addda33a32f308d00",
                "sha256:2fe3dde34fa125abf29996580d0182c18b8a240d7fa46d10984cc28d27808731",
                "sha256:30bda294346afa78c49a343e26f3ab2ad701e09f6a6373f579593f0cfcb1235a",
                "sha256:33d27ea23e12bf0d420e40c20308c03ef192d312e187c1f72f385edd9bd6d570",
                "sha256:34d24d9370a6089cdd5afe56aa3c4af456e6400f8b4abb030491710ee765bafc",
                "sha256:4e4877c2b96fae90f26ee528a87b9347872472b71c6913715ca15c8fe86a68c9",
                "sha256:50d6f1f26702e5f2a19890c7bc3de00f9b8a0ec131b52edccd56a60d02519649",
                "sha256:55d081162191b7c11c7bfcb7c68e913827dfd5de6ecdbab1b99dab190586c1e8",
                "sha256:59d339c7f99920ff7e1d9d162ea309b35775172e4bab9553f1b968cd43b21d6d",
                "sha256:6cf4d10df9edc040c955fca708bbd65234920e44c30fccd057ecf3128efb31ad",
                "sha256:6ec362539e2a6cf2329cd9820dec64868d8f0babe0d8dc5deff6c87a84d13f68",
                "sha256:7edc61a17c14b6e54d5317b0300d2da23d94a719c466f93cafa3b666b058c43b",
                "sha256:8e37fc4db3f2c4e7e1ed98fe4fe313f1b7202df985de4ee1451d2e331332afae",
                "sha256:b8c996bde5852545507bff45af44328fa48a7b22b5bec2f43083f0b8d1024fd9",
                "sha256:bf9c16f3d46af82f89fdefc0d64b2fb02f899c20da64548a8ea336beefcf8d23",
                "sha256:c1038aba898bed34ab1b5ddb0d3f9c9ae33b0649387ab9ffe6d0af677f66bfc1",
                "sha256:d405649c1bfc42e20d86178257658a859a3217b6e6d950ee8cb76353fcea9c39",
                "sha256:db6eeb20a3bd60e1cdcf6ce9a784bc82aec6ab891c800dc5d7824d5cfbfe77f2",
                "sha256:e382f8cb40dca45c3b439359028a4b60e74e22d391dc2deb360c0b8239d6ddc0",
                "sha256:f3f6c09e2c76f2537d61f907702dd921b04d1c3972f01d5530ef1f748f22bd89",
                "sha256:f749287087f67957c020e1de26906e88b8b0c4ea588facb7349c115a63346f67",
                "sha256:f86b96e014732c0d1ded2c1f51444c80176a98c21856d0da533db4e4aef54070"
            ],
            "index": "pypi",
            "version": "==0.29.7"
        },
        "elsapy": {
            "git": "https://github.com/jiaola/elsapy.git",
            "ref": "2869158c4d2c82e5cc4c70e3d327d702b6ca7b28"
        },
        "fs": {
            "hashes": [
                "sha256:660064febbccda264ae0b6bace80a8d1be9e089e0a5eb2427b7d517f9a91545c",
                "sha256:ae97c7d51213f4b70b6a958292530289090de3a7e15841e108fbe144f069d313"
            ],
            "version": "==2.4.16"
        },
        "graphviz": {
            "hashes": [
                "sha256:4958a19cbd8461757a08db308a4a15c3d586660417e1e364f0107d2fe481689f",
                "sha256:7caa53f0b0be42c5f2eaa3f3d71dcc863b15bacceb5d531c2ad7519e1980ff82"
            ],
            "markers": "python_version >= '2.7' and python_version not in '3.0, 3.1, 3.2, 3.3'",
            "version": "==0.8.4"
        },
        "idna": {
            "hashes": [
                "sha256:814f528e8dead7d329833b91c5faa87d60bf71824cd12a7530b5526063d02cb4",
                "sha256:90b77e79eaa3eba6de819a0c442c0b4ceefc341a7a2ab77d7562bf49f425c5c2"
            ],
            "markers": "python_version >= '3.5'",
            "version": "==3.4"
        },
        "jinja2": {
            "hashes": [
                "sha256:03e47ad063331dd6a3f04a43eddca8a966a26ba0c5b7207a9a9e4e08f1b29419",
                "sha256:a6d58433de0ae800347cab1fa3043cebbabe8baa9d29e668f1c768cb87a333c6"
            ],
            "markers": "python_version >= '2.7' and python_version not in '3.0, 3.1, 3.2, 3.3, 3.4'",
            "version": "==2.11.3"
        },
        "markupsafe": {
            "hashes": [
                "sha256:0212a68688482dc52b2d45013df70d169f542b7394fc744c02a57374a4207003",
                "sha256:089cf3dbf0cd6c100f02945abeb18484bd1ee57a079aefd52cffd17fba910b88",
                "sha256:10c1bfff05d95783da83491be968e8fe789263689c02724e0c691933c52994f5",
                "sha256:33b74d289bd2f5e527beadcaa3f401e0df0a89927c1559c8566c066fa4248ab7",
                "sha256:3799351e2336dc91ea70b034983ee71cf2f9533cdff7c14c90ea126bfd95d65a",
                "sha256:3ce11ee3f23f79dbd06fb3d63e2f6af7b12db1d46932fe7bd8afa259a5996603",
                "sha256:421be9fbf0ffe9ffd7a378aafebbf6f4602d564d34be190fc19a193232fd12b1",
                "sha256:43093fb83d8343aac0b1baa75516da6092f58f41200907ef92448ecab8825135",
                "sha256:46d00d6cfecdde84d40e572d63735ef81423ad31184100411e6e3388d405e247",
                "sha256:4a33dea2b688b3190ee12bd7cfa29d39c9ed176bda40bfa11099a3ce5d3a7ac6",
                "sha256:4b9fe39a2ccc108a4accc2676e77da025ce383c108593d65cc909add5c3bd601",
                "sha256:56442863ed2b06d19c37f94d999035e15ee982988920e12a5b4ba29b62ad1f77",
                "sha256:671cd1187ed5e62818414afe79ed29da836dde67166a9fac6d435873c44fdd02",
                "sha256:694deca8d702d5db21ec83983ce0bb4b26a578e71fbdbd4fdcd387daa90e4d5e",
                "sha256:6a074d34ee7a5ce3effbc526b7083ec9731bb3cbf921bbe1d3005d4d2bdb3a63",
                "sha256:6d0072fea50feec76a4c418096652f2c3238eaa014b2f94aeb1d56a66b41403f",
                "sha256:6fbf47b5d3728c6aea2abb0589b5d30459e369baa772e0f37a0320185e87c980",
                "sha256:7f91197cc9e48f989d12e4e6fbc46495c446636dfc81b9ccf50bb0ec74b91d4b",
                "sha256:86b1f75c4e7c2ac2ccdaec2b9022845dbb81880ca318bb7a0a01fbf7813e3812",
                "sha256:8dc1c72a69aa7e082593c4a203dcf94ddb74bb5c8a731e4e1eb68d031e8498ff",
                "sha256:8e3dcf21f367459434c18e71b2a9532d96547aef8a871872a5bd69a715c15f96",
                "sha256:8e576a51ad59e4bfaac456023a78f6b5e6e7651dcd383bcc3e18d06f9b55d6d1",
                "sha256:96e37a3dc86e80bf81758c152fe66dbf60ed5eca3d26305edf01892257049925",
                "sha256:97a68e6ada378df82bc9f16b800ab77cbf4b2fada0081794318520138c088e4a",
                "sha256:99a2a507ed3ac881b975a2976d59f38c19386d128e7a9a18b7df6fff1fd4c1d6",
                "sha256:a49907dd8420c5685cfa064a1335b6754b74541bbb3706c259c02ed65b644b3e",
                "sha256:b09bf97215625a311f669476f44b8b318b075847b49316d3e28c08e41a7a573f",
                "sha256:b7bd98b796e2b6553da7225aeb61f447f80a1ca64f41d83612e6139ca5213aa4",
                "sha256:b87db4360013327109564f0e591bd2a3b318547bcef31b468a92ee504d07ae4f",
                "sha256:bcb3ed405ed3222f9904899563d6fc492ff75cce56cba05e32eff40e6acbeaa3",
                "sha256:d4306c36ca495956b6d568d276ac11fdd9c30a36f1b6eb928070dc5360b22e1c",
                "sha256:d5ee4f386140395a2c818d149221149c54849dfcfcb9f1debfe07a8b8bd63f9a",
                "sha256:dda30ba7e87fbbb7eab1ec9f58678558fd9a6b8b853530e176eabd064da81417",
                "sha256:e04e26803c9c3851c931eac40c695602c6295b8d432cbe78609649ad9bd2da8a",
                "sha256:e1c0b87e09fa55a220f058d1d49d3fb8df88fbfab58558f1198e08c1e1de842a",
                "sha256:e72591e9ecd94d7feb70c1cbd7be7b3ebea3f548870aa91e2732960fa4d57a37",
                "sha256:e8c843bbcda3a2f1e3c2ab25913c80a3c5376cd00c6e8c4a86a89a28c8dc5452",
                "sha256:efc1913fd2ca4f334418481c7e595c00aad186563bbc1ec76067848c7ca0a933",
                "sha256:f121a1420d4e173a5d96e47e9a0c0dcff965afdf1626d28de1460815f7c4ee7a",
                "sha256:fc7b548b17d238737688817ab67deebb30e8073c95749d55538ed473130ec0c7"
            ],
            "markers": "python_version >= '3.7'",
            "version": "==2.1.1"
        },
        "mondrian": {
            "hashes": [
                "sha256:053bfa9b7c62088eabe955dcf149827a8d582ab0bb41fcad7d3396cf16e06c17",
                "sha256:1e976d9c17d3410ad7d887bc2de47aa55b7c4ef43f9a5a83e9bd29a4a33fee62",
                "sha256:2f609079af425d66acb7013bc88c461e3c38f54b5686c18510e6496f46454f34",
                "sha256:b63e184153522227437f27842c82f5673b4a7161dd19b6effbc0adb5927a31a7",
                "sha256:c70b49f06d205545b4e1063033c9b37fb4e84502717fad0b3895114e57ab43b6"
            ],
            "version": "==0.8.1"
        },
        "packaging": {
            "hashes": [
                "sha256:e9215d2d2535d3ae866c3d6efc77d5b24a0192cce0ff20e42896cc0664f889c0",
                "sha256:f019b770dd64e585a99714f1fd5e01c7a8f11b45635aa953fd41c689a657375b"
            ],
            "markers": "python_version >= '2.7' and python_version not in '3.0, 3.1, 3.2, 3.3'",
            "version": "==17.1"
        },
        "pbr": {
            "hashes": [
                "sha256:b97bc6695b2aff02144133c2e7399d5885223d42b7912ffaec2ca3898e673bfe",
                "sha256:db2317ff07c84c4c63648c9064a79fe9d9f5c7ce85a9099d4b6258b3db83225a"
            ],
            "markers": "python_version >= '2.6'",
            "version": "==5.11.0"
        },
        "psutil": {
            "hashes": [
                "sha256:149555f59a69b33f056ba1c4eb22bb7bf24332ce631c44a319cec09f876aaeff",
                "sha256:16653106f3b59386ffe10e0bad3bb6299e169d5327d3f187614b1cb8f24cf2e1",
                "sha256:3d7f9739eb435d4b1338944abe23f49584bde5395f27487d2ee25ad9a8774a62",
                "sha256:3ff89f9b835100a825b14c2808a106b6fdcc4b15483141482a12c725e7f78549",
                "sha256:54c0d3d8e0078b7666984e11b12b88af2db11d11249a8ac8920dd5ef68a66e08",
                "sha256:54d5b184728298f2ca8567bf83c422b706200bcbbfafdc06718264f9393cfeb7",
                "sha256:6001c809253a29599bc0dfd5179d9f8a5779f9dffea1da0f13c53ee568115e1e",
                "sha256:68908971daf802203f3d37e78d3f8831b6d1014864d7a85937941bb35f09aefe",
                "sha256:6b92c532979bafc2df23ddc785ed116fced1f492ad90a6830cf24f4d1ea27d24",
                "sha256:852dd5d9f8a47169fe62fd4a971aa07859476c2ba22c2254d4a1baa4e10b95ad",
                "sha256:9120cd39dca5c5e1c54b59a41d205023d436799b1c8c4d3ff71af18535728e94",
                "sha256:c1ca331af862803a42677c120aff8a814a804e09832f166f226bfd22b56feee8",
                "sha256:efeae04f9516907be44904cc7ce08defb6b665128992a56957abc9b61dca94b7",
                "sha256:fd8522436a6ada7b4aad6638662966de0d61d241cb821239b2ae7013d41a43d4"
            ],
            "markers": "python_version >= '2.7' and python_version not in '3.0, 3.1, 3.2, 3.3'",
            "version": "==5.9.4"
        },
        "pymongo": {
            "hashes": [
                "sha256:025f94fc1e1364f00e50badc88c47f98af20012f23317234e51a11333ef986e6",
                "sha256:02aa7fb282606331aefbc0586e2cf540e9dbe5e343493295e7f390936ad2738e",
                "sha256:057210e831573e932702cf332012ed39da78edf0f02d24a3f0b213264a87a397",
                "sha256:0d946b79c56187fe139276d4c8ed612a27a616966c8b9779d6b79e2053587c8b",
                "sha256:104790893b928d310aae8a955e0bdbaa442fb0ac0a33d1bbb0741c791a407778",
                "sha256:15527ef218d95a8717486106553b0d54ff2641e795b65668754e17ab9ca6e381",
                "sha256:164d02c7b1b5e27bf1da581a334762cf66df4a105d7faf46910cfc104ed255e4",
                "sha256:1826527a0b032f6e20e7ac7f72d7c26dd476a5e5aa82c04aa1c7088a59fded7d",
                "sha256:22e3aa4ce1c3eebc7f70f9ca7fd4ce1ea33e8bdb7b61996806cd312f08f84a3a",
                "sha256:244e1101e9a48615b9a16cbd194f73c115fdfefc96894803158608115f703b26",
                "sha256:24b8c04fdb633a84829d03909752c385faef249c06114cc8d8e1700b95aae5c8",
                "sha256:2c276696350785d3104412cbe3ac70ab1e3a10c408e7b20599ee41403a3ed630",
                "sha256:2d8474dc833b1182b651b184ace997a7bd83de0f51244de988d3c30e49f07de3",
                "sha256:3119b57fe1d964781e91a53e81532c85ed1701baaddec592e22f6b77a9fdf3df",
                "sha256:3bee8e7e0709b0fcdaa498a3e513bde9ffc7cd09dbceb11e425bd91c89dbd5b6",
                "sha256:436c071e01a464753d30dbfc8768dd93aecf2a8e378e5314d130b95e77b4d612",
                "sha256:46635e3f19ad04d5a7d7cf23d232388ddbfccf46d9a3b7436b6abadda4e84813",
                "sha256:4772e0b679717e7ac4608d996f57b6f380748a919b457cb05bb941467b888b22",
                "sha256:4e2cd80e16f481a62c3175b607373200e714ed29025f21559ebf7524f295689f",
                "sha256:52732960efa0e003ca1c092dc0a3c65276e897681287a788a01ca78dda3b41f0",
                "sha256:55a7de51ec7d1731b2431886d0349146645f2816e5b8eb982d7c49f89472c9f3",
                "sha256:5f8ed5934197a2d4b2087646e98de3e099a237099dcf498b9e38dd3465f74ef4",
                "sha256:64b064124fcbc8eb04a155117dc4d9a336e3cda3f069958fbc44fe70c3c3d1e9",
                "sha256:65958b8e4319f992e85dad59d8081888b97fcdbde5f0d14bc28f2848b92d3ef1",
                "sha256:6be7f7302487c4d456ff8b58a1e31dd3e3c844189f5b892ef23310e0abf0db7b",
                "sha256:7683428862e20c6a790c19e64f8ccf487f613fbc83d47e3d532df9c81668d451",
                "sha256:78566d5570c75a127c2491e343dc006798a384f06be588fe9b0cbe5595711559",
                "sha256:7d1cb00c093dbf1d0b16ccf123e79dee3b82608e4a2a88947695f0460eef13ff",
                "sha256:8c74e2a9b594f7962c62cef7680a4cb92a96b4e6e3c2f970790da67cc0213a7e",
                "sha256:8e60aa7699170f55f4b0f56ee6f8415229777ac7e4b4b1aa41fc61eec08c1f1d",
                "sha256:90e40fbe59e3c223ac689b0537a5df1ab431c19741a2b42240b88cc672d083aa",
                "sha256:9447b561529576d89d3bf973e5241a88cf76e45bd101963f5236888713dea774",
                "sha256:970055bfeb0be373f2f5299a3db8432444bad3bc2f198753ee6c2a3a781e0959",
                "sha256:a6344b8542e584e140dc3c651d68bde51270e79490aa9320f9e708f9b2c39bd5",
                "sha256:ce309ca470d747b02ba6069d286a17b7df8e9c94d10d727d9cf3a64e51d85184",
                "sha256:cfbd86ed4c2b2ac71bbdbcea6669bf295def7152e3722ddd9dda94ac7981f33d",
                "sha256:d7929c513732dff093481f4a0954ed5ff16816365842136b17caa0b4992e49d3",
                "sha256:e21180042aaa9589471c27f0cc1e38868abeaa59f988877fa129f3b5efdf6bfb",
                "sha256:e98a9d2c590bc5a5e84f32430d2dc1fcc549d0a150a613bae6eadb5ef7c20465"
            ],
            "index": "pypi",
            "version": "==3.7.2"
        },
        "pymssql": {
            "hashes": [
                "sha256:0479294789d7f230016d87e115a23e51617909611de7b1ced1263c1e365f6c91",
                "sha256:056dacf9120ae3a01955c52ce425b7ee7da499b27bd80f3bfcfb4013ae7adff8",
                "sha256:084deb1462fb52c0d802b006c673f3a02ce562b7b3a2f65f6a6bd2162a0850a2",
                "sha256:254e3552b6a52b40cb437f4b75683e003398f8ce12da0e40908a07703882802d",
                "sha256:3201eb1b1263ad55b555d727ed8bed0b12b7b9de3ce5e529206e36d4be1a7afb",
                "sha256:46dcd9c2f371d7d5744c22d6a3dc426b10debd12e0cab5b69c92f29b8eb90e21",
                "sha256:47a567ed94618a89c83b8ce24c886ff65f0c063ef02ed7240b98ab953ca95b5d",
                "sha256:4fd384371ddc260c12d79dc8bcc239c722d571d1701cba1ec7788617db603a06",
                "sha256:6da06dd6a37b3472b034a82fd156c63c6cb288b996a6ef252e874e343b37a254",
                "sha256:7544b8b1b38d101f0b7bd794d2da53dd19fee38e3dfe7312cd9bc87252347260",
                "sha256:7a3869e6f0ea3a49f4faf8489638341578b4e638e86dc4067a69e8fa5d0469a2",
                "sha256:bc2f3f93711cb6262cee83f63e9e38021a79f0d1b4c0deec7f68de97b49a8938",
                "sha256:c32df8c15dda0a23551348a51b7b41f0bfe25be8925c7afebcef977f89cceb62",
                "sha256:c830088a8c1571e4606edd461d5f2291c8dacea2cd615466fb4764773d968949",
                "sha256:cfbce903ed29d2979168ac5d253e8241cb73901ec79c1e6692eb912ebc990be9",
                "sha256:d30001a9e00dbbb7ca04922eeb4df89e946bb083bbf7114667b8cbb7e08d9a0c",
                "sha256:d3bf234eeb24ba6048ab1bb069395e3acd212376e91d8d7fdfdcfef60178cef4",
                "sha256:e077af5c80e768976b47789644bd7ea211131b5d8ed174e44995b3ef34009aad",
                "sha256:e730e1fbbde44227ad34c024e71c1764503cf97c3812c520766867d1ee916e68",
                "sha256:ebecdd63e9a6c871dcd25c877895f9ed2ba96549743cb4d45d201fc478f1bf28",
                "sha256:f58810f6917916af539948b3ed53881aca4aa7db80b662dcabcbf93a3cdea938",
                "sha256:fb340fbf5525ea51c5d4b704340a6fe8ec97e5380b5cd17107ea48179d1c1605",
                "sha256:fe7e4bf3c79b3f0425588bd99188e431727f4d6b19249dcb81b94e10d261d86f"
            ],
            "index": "pypi",
            "version": "==2.1.4"
        },
        "pyparsing": {
            "hashes": [
                "sha256:2b020ecf7d21b687f219b71ecad3631f644a47f01403fa1d1036b0c6416d70fb",
                "sha256:5026bae9a10eeaefb61dab2f09052b9f4307d44aee4eda64b309723d8d206bbc"
            ],
            "markers": "python_full_version >= '3.6.8'",
            "version": "==3.0.9"
        },
        "python-slugify": {
            "hashes": [
                "sha256:7723daf30996db26573176bddcdf5fcb98f66dc70df05c9cb29f2c79b8193245"
            ],
            "version": "==1.2.6"
        },
        "pyyaml": {
            "hashes": [
                "sha256:1adecc22f88d38052fb787d959f003811ca858b799590a5eaa70e63dca50308c",
                "sha256:436bc774ecf7c103814098159fbb84c2715d25980175292c648f2da143909f95",
                "sha256:460a5a4248763f6f37ea225d19d5c205677d8d525f6a83357ca622ed541830c2",
                "sha256:5a22a9c84653debfbf198d02fe592c176ea548cccce47553f35f466e15cf2fd4",
                "sha256:7a5d3f26b89d688db27822343dfa25c599627bc92093e788956372285c6298ad",
                "sha256:9372b04a02080752d9e6f990179a4ab840227c6e2ce15b95e1278456664cf2ba",
                "sha256:a5dcbebee834eaddf3fa7366316b880ff4062e4bcc9787b78c7fbb4a26ff2dd1",
                "sha256:aee5bab92a176e7cd034e57f46e9df9a9862a71f8f37cad167c6fc74c65f5b4e",
                "sha256:c51f642898c0bacd335fc119da60baae0824f2cde95b0330b56c0553439f0673",
                "sha256:c68ea4d3ba1705da1e0d85da6684ac657912679a649e8868bd850d2c299cce13",
                "sha256:e23d0cc5299223dcc37885dae624f382297717e459ea24053709675a976a3e19"
            ],
            "index": "pypi",
            "version": "==5.1"
        },
        "requests": {
            "hashes": [
                "sha256:7c5599b102feddaa661c826c56ab4fee28bfd17f5abca1ebbe3e7f19d7c97983",
                "sha256:8fefa2a1a1365bf5520aac41836fbee479da67864514bdb821f31ce07ce65349"
            ],
            "markers": "python_version >= '3.7' and python_version < '4'",
            "version": "==2.28.1"
        },
        "risparser": {
            "git": "https://github.com/MrTango/RISparser.git",
            "ref": "d133d74022d3edbbdec19ef72bd34c8902a0bad1"
        },
        "setuptools": {
            "hashes": [
                "sha256:57f6f22bde4e042978bcd50176fdb381d7c21a9efa4041202288d3737a0c6a54",
                "sha256:a7620757bf984b58deaf32fc8a4577a9bbc0850cf92c20e1ce41c38c19e5fb75"
            ],
            "markers": "python_version >= '3.7'",
            "version": "==65.6.3"
        },
        "six": {
            "hashes": [
                "sha256:1e61c37477a1626458e36f7b1d82aa5c9b094fa4802892072e49de9c60c4c926",
                "sha256:8abb2f1d86890a2dfb989f9a77cfcfd3e47c2a354b01111771326f8aa26e0254"
            ],
            "markers": "python_version >= '2.7' and python_version not in '3.0, 3.1, 3.2, 3.3'",
            "version": "==1.16.0"
        },
        "stevedore": {
            "hashes": [
                "sha256:18afaf1d623af5950cc0f7e75e70f917784c73b652a34a12d90b309451b5500b",
                "sha256:a4e7dc759fb0f2e3e2f7d8ffe2358c19d45b9b8297f393ef1256858d82f69c9b"
            ],
            "version": "==1.32.0"
        },
        "unidecode": {
            "hashes": [
                "sha256:547d7c479e4f377b430dd91ac1275d593308dce0fc464fb2ab7d41f82ec653be",
                "sha256:fed09cf0be8cf415b391642c2a5addfc72194407caee4f98719e40ec2a72b830"
            ],
            "markers": "python_version >= '3.5'",
            "version": "==1.3.6"
        },
        "urllib3": {
            "hashes": [
                "sha256:47cc05d99aaa09c9e72ed5809b60e7ba354e64b59c9c173ac3018642d8bb41fc",
                "sha256:c083dd0dce68dbfbe1129d5271cb90f9447dea7d52097c6e0126120c521ddea8"
            ],
            "markers": "python_version >= '2.7' and python_version not in '3.0, 3.1, 3.2, 3.3, 3.4, 3.5'",
            "version": "==1.26.13"
        },
        "whistle": {
            "hashes": [
                "sha256:356e894f36bcb06b50107fb26c5dfc8471368648a409f1a8f63cb86eeb707234",
                "sha256:75ed6427bf6f01b2ae641dc3eb24b0734798d315b80e6861ff0e90909f8f2653",
                "sha256:960775d90bd26cab4b135df901593cee7ae9e99c489d4e2c8d6224355c5f2b90",
                "sha256:fb38d24a97b2ebc436aad3e79e28f8782dc31fb94a6568532655d02be727fd57"
            ],
            "markers": "python_version >= '3.5'",
            "version": "==1.0.1"
        }
    },
    "develop": {
        "atomicwrites": {
            "hashes": [
                "sha256:81b2c9071a49367a7f770170e5eec8cb66567cfbbc8c73d20ce5ca4a8d71cf11"
            ],
            "version": "==1.4.1"
        },
        "attrs": {
            "hashes": [
                "sha256:29adc2665447e5191d0e7c568fde78b21f9672d344281d0c6e1ab085429b22b6",
                "sha256:86efa402f67bf2df34f51a335487cf46b1ec130d02b8d39fd248abfd30da551c"
            ],
            "markers": "python_version >= '3.5'",
            "version": "==22.1.0"
        },
        "importlib-metadata": {
            "hashes": [
                "sha256:d5059f9f1e8e41f80e9c56c2ee58811450c31984dfa625329ffd7c0dad88a73b",
                "sha256:d84d17e21670ec07990e1044a99efe8d615d860fd176fc29ef5c306068fda313"
            ],
            "markers": "python_version < '3.8'",
            "version": "==5.1.0"
        },
        "more-itertools": {
            "hashes": [
                "sha256:250e83d7e81d0c87ca6bd942e6aeab8cc9daa6096d12c5308f3f92fa5e5c1f41",
                "sha256:5a6257e40878ef0520b1803990e3e22303a41b5714006c32a3fd8304b26ea1ab"
            ],
            "markers": "python_version > '2.7'",
            "version": "==9.0.0"
        },
        "pluggy": {
            "hashes": [
                "sha256:4224373bacce55f955a878bf9cfa763c1e360858e330072059e10bad68531159",
                "sha256:74134bbf457f031a36d68416e1509f34bd5ccc019f0bcc952c7b909d06b37bd3"
            ],
            "markers": "python_version >= '3.6'",
            "version": "==1.0.0"
        },
        "py": {
            "hashes": [
                "sha256:51c75c4126074b472f746a24399ad32f6053d1b34b68d2fa41e558e6f4a98719",
                "sha256:607c53218732647dff4acdfcd50cb62615cedf612e72d1724fb1a0cc6405b378"
            ],
            "markers": "python_version >= '2.7' and python_version not in '3.0, 3.1, 3.2, 3.3, 3.4'",
            "version": "==1.11.0"
        },
        "pytest": {
            "hashes": [
                "sha256:3773f4c235918987d51daf1db66d51c99fac654c81d6f2f709a046ab446d5e5d",
                "sha256:b7802283b70ca24d7119b32915efa7c409982f59913c1a6c0640aacf118b95f5"
            ],
            "index": "pypi",
            "version": "==4.4.1"
        },
        "setuptools": {
            "hashes": [
                "sha256:57f6f22bde4e042978bcd50176fdb381d7c21a9efa4041202288d3737a0c6a54",
                "sha256:a7620757bf984b58deaf32fc8a4577a9bbc0850cf92c20e1ce41c38c19e5fb75"
            ],
            "markers": "python_version >= '3.7'",
            "version": "==65.6.3"
        },
        "six": {
            "hashes": [
                "sha256:1e61c37477a1626458e36f7b1d82aa5c9b094fa4802892072e49de9c60c4c926",
                "sha256:8abb2f1d86890a2dfb989f9a77cfcfd3e47c2a354b01111771326f8aa26e0254"
            ],
            "markers": "python_version >= '2.7' and python_version not in '3.0, 3.1, 3.2, 3.3'",
            "version": "==1.16.0"
        },
        "typing-extensions": {
            "hashes": [
                "sha256:1511434bb92bf8dd198c12b1cc812e800d4181cfcb867674e0f8279cc93087aa",
                "sha256:16fa4864408f655d35ec496218b85f79b3437c829e93320c7c9215ccfd92489e"
            ],
            "markers": "python_version < '3.8'",
            "version": "==4.4.0"
        },
        "zipp": {
            "hashes": [
                "sha256:83a28fcb75844b5c0cdaf5aa4003c2d728c77e05f5aeabe8e95e56727005fbaa",
                "sha256:a7a22e05929290a67401440b39690ae6563279bced5f314609d9d03798f56766"
            ],
            "markers": "python_version >= '3.7'",
            "version": "==3.11.0"
        }
    }
}
